// !$*UTF8*$!
{
	archiveVersion = 1;
	classes = {
	};
	objectVersion = 56;
	objects = {

/* Begin PBXBuildFile section */
		AF5127432BD2CAC10019C7AA /* WWDCsApp.swift in Sources */ = {isa = PBXBuildFile; fileRef = AF5127422BD2CAC10019C7AA /* WWDCsApp.swift */; };
		AF5127452BD2CAC10019C7AA /* ContentView.swift in Sources */ = {isa = PBXBuildFile; fileRef = AF5127442BD2CAC10019C7AA /* ContentView.swift */; };
		AF5127472BD2CAC10019C7AA /* Item.swift in Sources */ = {isa = PBXBuildFile; fileRef = AF5127462BD2CAC10019C7AA /* Item.swift */; };
		AF5127492BD2CAC20019C7AA /* Assets.xcassets in Resources */ = {isa = PBXBuildFile; fileRef = AF5127482BD2CAC20019C7AA /* Assets.xcassets */; };
		AF51274C2BD2CAC20019C7AA /* Preview Assets.xcassets in Resources */ = {isa = PBXBuildFile; fileRef = AF51274B2BD2CAC20019C7AA /* Preview Assets.xcassets */; };
		AF5127562BD2CAC20019C7AA /* WWDCsTests.swift in Sources */ = {isa = PBXBuildFile; fileRef = AF5127552BD2CAC20019C7AA /* WWDCsTests.swift */; };
		AF5127602BD2CAC20019C7AA /* WWDCsUITests.swift in Sources */ = {isa = PBXBuildFile; fileRef = AF51275F2BD2CAC20019C7AA /* WWDCsUITests.swift */; };
		AF5127622BD2CAC20019C7AA /* WWDCsUITestsLaunchTests.swift in Sources */ = {isa = PBXBuildFile; fileRef = AF5127612BD2CAC20019C7AA /* WWDCsUITestsLaunchTests.swift */; };
/* End PBXBuildFile section */

/* Begin PBXContainerItemProxy section */
		AF5127522BD2CAC20019C7AA /* PBXContainerItemProxy */ = {
			isa = PBXContainerItemProxy;
			containerPortal = AF5127372BD2CAC10019C7AA /* Project object */;
			proxyType = 1;
			remoteGlobalIDString = AF51273E2BD2CAC10019C7AA;
			remoteInfo = WWDCs;
		};
		AF51275C2BD2CAC20019C7AA /* PBXContainerItemProxy */ = {
			isa = PBXContainerItemProxy;
			containerPortal = AF5127372BD2CAC10019C7AA /* Project object */;
			proxyType = 1;
			remoteGlobalIDString = AF51273E2BD2CAC10019C7AA;
			remoteInfo = WWDCs;
		};
/* End PBXContainerItemProxy section */

/* Begin PBXFileReference section */
		AF51273F2BD2CAC10019C7AA /* WWDCs.app */ = {isa = PBXFileReference; explicitFileType = wrapper.application; includeInIndex = 0; path = WWDCs.app; sourceTree = BUILT_PRODUCTS_DIR; };
		AF5127422BD2CAC10019C7AA /* WWDCsApp.swift */ = {isa = PBXFileReference; lastKnownFileType = sourcecode.swift; path = WWDCsApp.swift; sourceTree = "<group>"; };
		AF5127442BD2CAC10019C7AA /* ContentView.swift */ = {isa = PBXFileReference; lastKnownFileType = sourcecode.swift; path = ContentView.swift; sourceTree = "<group>"; };
		AF5127462BD2CAC10019C7AA /* Item.swift */ = {isa = PBXFileReference; lastKnownFileType = sourcecode.swift; path = Item.swift; sourceTree = "<group>"; };
		AF5127482BD2CAC20019C7AA /* Assets.xcassets */ = {isa = PBXFileReference; lastKnownFileType = folder.assetcatalog; path = Assets.xcassets; sourceTree = "<group>"; };
		AF51274B2BD2CAC20019C7AA /* Preview Assets.xcassets */ = {isa = PBXFileReference; lastKnownFileType = folder.assetcatalog; path = "Preview Assets.xcassets"; sourceTree = "<group>"; };
		AF5127512BD2CAC20019C7AA /* WWDCsTests.xctest */ = {isa = PBXFileReference; explicitFileType = wrapper.cfbundle; includeInIndex = 0; path = WWDCsTests.xctest; sourceTree = BUILT_PRODUCTS_DIR; };
		AF5127552BD2CAC20019C7AA /* WWDCsTests.swift */ = {isa = PBXFileReference; lastKnownFileType = sourcecode.swift; path = WWDCsTests.swift; sourceTree = "<group>"; };
		AF51275B2BD2CAC20019C7AA /* WWDCsUITests.xctest */ = {isa = PBXFileReference; explicitFileType = wrapper.cfbundle; includeInIndex = 0; path = WWDCsUITests.xctest; sourceTree = BUILT_PRODUCTS_DIR; };
		AF51275F2BD2CAC20019C7AA /* WWDCsUITests.swift */ = {isa = PBXFileReference; lastKnownFileType = sourcecode.swift; path = WWDCsUITests.swift; sourceTree = "<group>"; };
		AF5127612BD2CAC20019C7AA /* WWDCsUITestsLaunchTests.swift */ = {isa = PBXFileReference; lastKnownFileType = sourcecode.swift; path = WWDCsUITestsLaunchTests.swift; sourceTree = "<group>"; };
/* End PBXFileReference section */

/* Begin PBXFrameworksBuildPhase section */
		AF51273C2BD2CAC10019C7AA /* Frameworks */ = {
			isa = PBXFrameworksBuildPhase;
			buildActionMask = 2147483647;
			files = (
			);
			runOnlyForDeploymentPostprocessing = 0;
		};
		AF51274E2BD2CAC20019C7AA /* Frameworks */ = {
			isa = PBXFrameworksBuildPhase;
			buildActionMask = 2147483647;
			files = (
			);
			runOnlyForDeploymentPostprocessing = 0;
		};
		AF5127582BD2CAC20019C7AA /* Frameworks */ = {
			isa = PBXFrameworksBuildPhase;
			buildActionMask = 2147483647;
			files = (
			);
			runOnlyForDeploymentPostprocessing = 0;
		};
/* End PBXFrameworksBuildPhase section */

/* Begin PBXGroup section */
		AF5127362BD2CAC10019C7AA = {
			isa = PBXGroup;
			children = (
				AF5127412BD2CAC10019C7AA /* WWDCs */,
				AF5127542BD2CAC20019C7AA /* WWDCsTests */,
				AF51275E2BD2CAC20019C7AA /* WWDCsUITests */,
				AF5127402BD2CAC10019C7AA /* Products */,
			);
			sourceTree = "<group>";
		};
		AF5127402BD2CAC10019C7AA /* Products */ = {
			isa = PBXGroup;
			children = (
				AF51273F2BD2CAC10019C7AA /* WWDCs.app */,
				AF5127512BD2CAC20019C7AA /* WWDCsTests.xctest */,
				AF51275B2BD2CAC20019C7AA /* WWDCsUITests.xctest */,
			);
			name = Products;
			sourceTree = "<group>";
		};
		AF5127412BD2CAC10019C7AA /* WWDCs */ = {
			isa = PBXGroup;
			children = (
				AF5127422BD2CAC10019C7AA /* WWDCsApp.swift */,
				AF5127442BD2CAC10019C7AA /* ContentView.swift */,
				AF5127462BD2CAC10019C7AA /* Item.swift */,
				AF5127482BD2CAC20019C7AA /* Assets.xcassets */,
				AF51274A2BD2CAC20019C7AA /* Preview Content */,
			);
			path = WWDCs;
			sourceTree = "<group>";
		};
		AF51274A2BD2CAC20019C7AA /* Preview Content */ = {
			isa = PBXGroup;
			children = (
				AF51274B2BD2CAC20019C7AA /* Preview Assets.xcassets */,
			);
			path = "Preview Content";
			sourceTree = "<group>";
		};
		AF5127542BD2CAC20019C7AA /* WWDCsTests */ = {
			isa = PBXGroup;
			children = (
				AF5127552BD2CAC20019C7AA /* WWDCsTests.swift */,
			);
			path = WWDCsTests;
			sourceTree = "<group>";
		};
		AF51275E2BD2CAC20019C7AA /* WWDCsUITests */ = {
			isa = PBXGroup;
			children = (
				AF51275F2BD2CAC20019C7AA /* WWDCsUITests.swift */,
				AF5127612BD2CAC20019C7AA /* WWDCsUITestsLaunchTests.swift */,
			);
			path = WWDCsUITests;
			sourceTree = "<group>";
		};
/* End PBXGroup section */

/* Begin PBXNativeTarget section */
		AF51273E2BD2CAC10019C7AA /* WWDCs */ = {
			isa = PBXNativeTarget;
			buildConfigurationList = AF5127652BD2CAC20019C7AA /* Build configuration list for PBXNativeTarget "WWDCs" */;
			buildPhases = (
				AF51273B2BD2CAC10019C7AA /* Sources */,
				AF51273C2BD2CAC10019C7AA /* Frameworks */,
				AF51273D2BD2CAC10019C7AA /* Resources */,
			);
			buildRules = (
			);
			dependencies = (
			);
			name = WWDCs;
			productName = WWDCs;
			productReference = AF51273F2BD2CAC10019C7AA /* WWDCs.app */;
			productType = "com.apple.product-type.application";
		};
		AF5127502BD2CAC20019C7AA /* WWDCsTests */ = {
			isa = PBXNativeTarget;
			buildConfigurationList = AF5127682BD2CAC20019C7AA /* Build configuration list for PBXNativeTarget "WWDCsTests" */;
			buildPhases = (
				AF51274D2BD2CAC20019C7AA /* Sources */,
				AF51274E2BD2CAC20019C7AA /* Frameworks */,
				AF51274F2BD2CAC20019C7AA /* Resources */,
			);
			buildRules = (
			);
			dependencies = (
				AF5127532BD2CAC20019C7AA /* PBXTargetDependency */,
			);
			name = WWDCsTests;
			productName = WWDCsTests;
			productReference = AF5127512BD2CAC20019C7AA /* WWDCsTests.xctest */;
			productType = "com.apple.product-type.bundle.unit-test";
		};
		AF51275A2BD2CAC20019C7AA /* WWDCsUITests */ = {
			isa = PBXNativeTarget;
			buildConfigurationList = AF51276B2BD2CAC20019C7AA /* Build configuration list for PBXNativeTarget "WWDCsUITests" */;
			buildPhases = (
				AF5127572BD2CAC20019C7AA /* Sources */,
				AF5127582BD2CAC20019C7AA /* Frameworks */,
				AF5127592BD2CAC20019C7AA /* Resources */,
			);
			buildRules = (
			);
			dependencies = (
				AF51275D2BD2CAC20019C7AA /* PBXTargetDependency */,
			);
			name = WWDCsUITests;
			productName = WWDCsUITests;
			productReference = AF51275B2BD2CAC20019C7AA /* WWDCsUITests.xctest */;
			productType = "com.apple.product-type.bundle.ui-testing";
		};
/* End PBXNativeTarget section */

/* Begin PBXProject section */
		AF5127372BD2CAC10019C7AA /* Project object */ = {
			isa = PBXProject;
			attributes = {
				BuildIndependentTargetsInParallel = 1;
				LastSwiftUpdateCheck = 1520;
				LastUpgradeCheck = 1520;
				TargetAttributes = {
					AF51273E2BD2CAC10019C7AA = {
						CreatedOnToolsVersion = 15.2;
					};
					AF5127502BD2CAC20019C7AA = {
						CreatedOnToolsVersion = 15.2;
						TestTargetID = AF51273E2BD2CAC10019C7AA;
					};
					AF51275A2BD2CAC20019C7AA = {
						CreatedOnToolsVersion = 15.2;
						TestTargetID = AF51273E2BD2CAC10019C7AA;
					};
				};
			};
			buildConfigurationList = AF51273A2BD2CAC10019C7AA /* Build configuration list for PBXProject "WWDCs" */;
			compatibilityVersion = "Xcode 14.0";
			developmentRegion = en;
			hasScannedForEncodings = 0;
			knownRegions = (
				en,
				Base,
			);
			mainGroup = AF5127362BD2CAC10019C7AA;
			productRefGroup = AF5127402BD2CAC10019C7AA /* Products */;
			projectDirPath = "";
			projectRoot = "";
			targets = (
				AF51273E2BD2CAC10019C7AA /* WWDCs */,
				AF5127502BD2CAC20019C7AA /* WWDCsTests */,
				AF51275A2BD2CAC20019C7AA /* WWDCsUITests */,
			);
		};
/* End PBXProject section */

/* Begin PBXResourcesBuildPhase section */
		AF51273D2BD2CAC10019C7AA /* Resources */ = {
			isa = PBXResourcesBuildPhase;
			buildActionMask = 2147483647;
			files = (
				AF51274C2BD2CAC20019C7AA /* Preview Assets.xcassets in Resources */,
				AF5127492BD2CAC20019C7AA /* Assets.xcassets in Resources */,
			);
			runOnlyForDeploymentPostprocessing = 0;
		};
		AF51274F2BD2CAC20019C7AA /* Resources */ = {
			isa = PBXResourcesBuildPhase;
			buildActionMask = 2147483647;
			files = (
			);
			runOnlyForDeploymentPostprocessing = 0;
		};
		AF5127592BD2CAC20019C7AA /* Resources */ = {
			isa = PBXResourcesBuildPhase;
			buildActionMask = 2147483647;
			files = (
			);
			runOnlyForDeploymentPostprocessing = 0;
		};
/* End PBXResourcesBuildPhase section */

/* Begin PBXSourcesBuildPhase section */
		AF51273B2BD2CAC10019C7AA /* Sources */ = {
			isa = PBXSourcesBuildPhase;
			buildActionMask = 2147483647;
			files = (
				AF5127452BD2CAC10019C7AA /* ContentView.swift in Sources */,
				AF5127472BD2CAC10019C7AA /* Item.swift in Sources */,
				AF5127432BD2CAC10019C7AA /* WWDCsApp.swift in Sources */,
			);
			runOnlyForDeploymentPostprocessing = 0;
		};
		AF51274D2BD2CAC20019C7AA /* Sources */ = {
			isa = PBXSourcesBuildPhase;
			buildActionMask = 2147483647;
			files = (
				AF5127562BD2CAC20019C7AA /* WWDCsTests.swift in Sources */,
			);
			runOnlyForDeploymentPostprocessing = 0;
		};
		AF5127572BD2CAC20019C7AA /* Sources */ = {
			isa = PBXSourcesBuildPhase;
			buildActionMask = 2147483647;
			files = (
				AF5127602BD2CAC20019C7AA /* WWDCsUITests.swift in Sources */,
				AF5127622BD2CAC20019C7AA /* WWDCsUITestsLaunchTests.swift in Sources */,
			);
			runOnlyForDeploymentPostprocessing = 0;
		};
/* End PBXSourcesBuildPhase section */

/* Begin PBXTargetDependency section */
		AF5127532BD2CAC20019C7AA /* PBXTargetDependency */ = {
			isa = PBXTargetDependency;
			target = AF51273E2BD2CAC10019C7AA /* WWDCs */;
			targetProxy = AF5127522BD2CAC20019C7AA /* PBXContainerItemProxy */;
		};
		AF51275D2BD2CAC20019C7AA /* PBXTargetDependency */ = {
			isa = PBXTargetDependency;
			target = AF51273E2BD2CAC10019C7AA /* WWDCs */;
			targetProxy = AF51275C2BD2CAC20019C7AA /* PBXContainerItemProxy */;
		};
/* End PBXTargetDependency section */

/* Begin XCBuildConfiguration section */
		AF5127632BD2CAC20019C7AA /* Debug */ = {
			isa = XCBuildConfiguration;
			buildSettings = {
				ALWAYS_SEARCH_USER_PATHS = NO;
				ASSETCATALOG_COMPILER_GENERATE_SWIFT_ASSET_SYMBOL_EXTENSIONS = YES;
				CLANG_ANALYZER_NONNULL = YES;
				CLANG_ANALYZER_NUMBER_OBJECT_CONVERSION = YES_AGGRESSIVE;
				CLANG_CXX_LANGUAGE_STANDARD = "gnu++20";
				CLANG_ENABLE_MODULES = YES;
				CLANG_ENABLE_OBJC_ARC = YES;
				CLANG_ENABLE_OBJC_WEAK = YES;
				CLANG_WARN_BLOCK_CAPTURE_AUTORELEASING = YES;
				CLANG_WARN_BOOL_CONVERSION = YES;
				CLANG_WARN_COMMA = YES;
				CLANG_WARN_CONSTANT_CONVERSION = YES;
				CLANG_WARN_DEPRECATED_OBJC_IMPLEMENTATIONS = YES;
				CLANG_WARN_DIRECT_OBJC_ISA_USAGE = YES_ERROR;
				CLANG_WARN_DOCUMENTATION_COMMENTS = YES;
				CLANG_WARN_EMPTY_BODY = YES;
				CLANG_WARN_ENUM_CONVERSION = YES;
				CLANG_WARN_INFINITE_RECURSION = YES;
				CLANG_WARN_INT_CONVERSION = YES;
				CLANG_WARN_NON_LITERAL_NULL_CONVERSION = YES;
				CLANG_WARN_OBJC_IMPLICIT_RETAIN_SELF = YES;
				CLANG_WARN_OBJC_LITERAL_CONVERSION = YES;
				CLANG_WARN_OBJC_ROOT_CLASS = YES_ERROR;
				CLANG_WARN_QUOTED_INCLUDE_IN_FRAMEWORK_HEADER = YES;
				CLANG_WARN_RANGE_LOOP_ANALYSIS = YES;
				CLANG_WARN_STRICT_PROTOTYPES = YES;
				CLANG_WARN_SUSPICIOUS_MOVE = YES;
				CLANG_WARN_UNGUARDED_AVAILABILITY = YES_AGGRESSIVE;
				CLANG_WARN_UNREACHABLE_CODE = YES;
				CLANG_WARN__DUPLICATE_METHOD_MATCH = YES;
				COPY_PHASE_STRIP = NO;
				DEBUG_INFORMATION_FORMAT = dwarf;
				ENABLE_STRICT_OBJC_MSGSEND = YES;
				ENABLE_TESTABILITY = YES;
				ENABLE_USER_SCRIPT_SANDBOXING = YES;
				GCC_C_LANGUAGE_STANDARD = gnu17;
				GCC_DYNAMIC_NO_PIC = NO;
				GCC_NO_COMMON_BLOCKS = YES;
				GCC_OPTIMIZATION_LEVEL = 0;
				GCC_PREPROCESSOR_DEFINITIONS = (
					"DEBUG=1",
					"$(inherited)",
				);
				GCC_WARN_64_TO_32_BIT_CONVERSION = YES;
				GCC_WARN_ABOUT_RETURN_TYPE = YES_ERROR;
				GCC_WARN_UNDECLARED_SELECTOR = YES;
				GCC_WARN_UNINITIALIZED_AUTOS = YES_AGGRESSIVE;
				GCC_WARN_UNUSED_FUNCTION = YES;
				GCC_WARN_UNUSED_VARIABLE = YES;
				IPHONEOS_DEPLOYMENT_TARGET = 17.2;
				LOCALIZATION_PREFERS_STRING_CATALOGS = YES;
				MTL_ENABLE_DEBUG_INFO = INCLUDE_SOURCE;
				MTL_FAST_MATH = YES;
				ONLY_ACTIVE_ARCH = YES;
				SDKROOT = iphoneos;
				SWIFT_ACTIVE_COMPILATION_CONDITIONS = "DEBUG $(inherited)";
				SWIFT_OPTIMIZATION_LEVEL = "-Onone";
			};
			name = Debug;
		};
		AF5127642BD2CAC20019C7AA /* Release */ = {
			isa = XCBuildConfiguration;
			buildSettings = {
				ALWAYS_SEARCH_USER_PATHS = NO;
				ASSETCATALOG_COMPILER_GENERATE_SWIFT_ASSET_SYMBOL_EXTENSIONS = YES;
				CLANG_ANALYZER_NONNULL = YES;
				CLANG_ANALYZER_NUMBER_OBJECT_CONVERSION = YES_AGGRESSIVE;
				CLANG_CXX_LANGUAGE_STANDARD = "gnu++20";
				CLANG_ENABLE_MODULES = YES;
				CLANG_ENABLE_OBJC_ARC = YES;
				CLANG_ENABLE_OBJC_WEAK = YES;
				CLANG_WARN_BLOCK_CAPTURE_AUTORELEASING = YES;
				CLANG_WARN_BOOL_CONVERSION = YES;
				CLANG_WARN_COMMA = YES;
				CLANG_WARN_CONSTANT_CONVERSION = YES;
				CLANG_WARN_DEPRECATED_OBJC_IMPLEMENTATIONS = YES;
				CLANG_WARN_DIRECT_OBJC_ISA_USAGE = YES_ERROR;
				CLANG_WARN_DOCUMENTATION_COMMENTS = YES;
				CLANG_WARN_EMPTY_BODY = YES;
				CLANG_WARN_ENUM_CONVERSION = YES;
				CLANG_WARN_INFINITE_RECURSION = YES;
				CLANG_WARN_INT_CONVERSION = YES;
				CLANG_WARN_NON_LITERAL_NULL_CONVERSION = YES;
				CLANG_WARN_OBJC_IMPLICIT_RETAIN_SELF = YES;
				CLANG_WARN_OBJC_LITERAL_CONVERSION = YES;
				CLANG_WARN_OBJC_ROOT_CLASS = YES_ERROR;
				CLANG_WARN_QUOTED_INCLUDE_IN_FRAMEWORK_HEADER = YES;
				CLANG_WARN_RANGE_LOOP_ANALYSIS = YES;
				CLANG_WARN_STRICT_PROTOTYPES = YES;
				CLANG_WARN_SUSPICIOUS_MOVE = YES;
				CLANG_WARN_UNGUARDED_AVAILABILITY = YES_AGGRESSIVE;
				CLANG_WARN_UNREACHABLE_CODE = YES;
				CLANG_WARN__DUPLICATE_METHOD_MATCH = YES;
				COPY_PHASE_STRIP = NO;
				DEBUG_INFORMATION_FORMAT = "dwarf-with-dsym";
				ENABLE_NS_ASSERTIONS = NO;
				ENABLE_STRICT_OBJC_MSGSEND = YES;
				ENABLE_USER_SCRIPT_SANDBOXING = YES;
				GCC_C_LANGUAGE_STANDARD = gnu17;
				GCC_NO_COMMON_BLOCKS = YES;
				GCC_WARN_64_TO_32_BIT_CONVERSION = YES;
				GCC_WARN_ABOUT_RETURN_TYPE = YES_ERROR;
				GCC_WARN_UNDECLARED_SELECTOR = YES;
				GCC_WARN_UNINITIALIZED_AUTOS = YES_AGGRESSIVE;
				GCC_WARN_UNUSED_FUNCTION = YES;
				GCC_WARN_UNUSED_VARIABLE = YES;
				IPHONEOS_DEPLOYMENT_TARGET = 17.2;
				LOCALIZATION_PREFERS_STRING_CATALOGS = YES;
				MTL_ENABLE_DEBUG_INFO = NO;
				MTL_FAST_MATH = YES;
				SDKROOT = iphoneos;
				SWIFT_COMPILATION_MODE = wholemodule;
				VALIDATE_PRODUCT = YES;
			};
			name = Release;
		};
		AF5127662BD2CAC20019C7AA /* Debug */ = {
			isa = XCBuildConfiguration;
			buildSettings = {
				ASSETCATALOG_COMPILER_APPICON_NAME = AppIcon;
				ASSETCATALOG_COMPILER_GLOBAL_ACCENT_COLOR_NAME = AccentColor;
				CODE_SIGN_STYLE = Automatic;
				CURRENT_PROJECT_VERSION = 1;
				DEVELOPMENT_ASSET_PATHS = "\"WWDCs/Preview Content\"";
				DEVELOPMENT_TEAM = 59XYW74885;
				ENABLE_PREVIEWS = YES;
				GENERATE_INFOPLIST_FILE = YES;
				INFOPLIST_KEY_UIApplicationSceneManifest_Generation = YES;
				INFOPLIST_KEY_UIApplicationSupportsIndirectInputEvents = YES;
				INFOPLIST_KEY_UILaunchScreen_Generation = YES;
				INFOPLIST_KEY_UISupportedInterfaceOrientations_iPad = "UIInterfaceOrientationPortrait UIInterfaceOrientationPortraitUpsideDown UIInterfaceOrientationLandscapeLeft UIInterfaceOrientationLandscapeRight";
				INFOPLIST_KEY_UISupportedInterfaceOrientations_iPhone = "UIInterfaceOrientationPortrait UIInterfaceOrientationLandscapeLeft UIInterfaceOrientationLandscapeRight";
				LD_RUNPATH_SEARCH_PATHS = (
					"$(inherited)",
					"@executable_path/Frameworks",
				);
				MARKETING_VERSION = 1.0;
				PRODUCT_BUNDLE_IDENTIFIER = com.nicolocurioni.WWDCs;
				PRODUCT_NAME = "$(TARGET_NAME)";
				SWIFT_EMIT_LOC_STRINGS = YES;
				SWIFT_VERSION = 5.0;
				TARGETED_DEVICE_FAMILY = "1,2";
			};
			name = Debug;
		};
		AF5127672BD2CAC20019C7AA /* Release */ = {
			isa = XCBuildConfiguration;
			buildSettings = {
				ASSETCATALOG_COMPILER_APPICON_NAME = AppIcon;
				ASSETCATALOG_COMPILER_GLOBAL_ACCENT_COLOR_NAME = AccentColor;
				CODE_SIGN_STYLE = Automatic;
				CURRENT_PROJECT_VERSION = 1;
				DEVELOPMENT_ASSET_PATHS = "\"WWDCs/Preview Content\"";
				DEVELOPMENT_TEAM = 59XYW74885;
				ENABLE_PREVIEWS = YES;
				GENERATE_INFOPLIST_FILE = YES;
				INFOPLIST_KEY_UIApplicationSceneManifest_Generation = YES;
				INFOPLIST_KEY_UIApplicationSupportsIndirectInputEvents = YES;
				INFOPLIST_KEY_UILaunchScreen_Generation = YES;
				INFOPLIST_KEY_UISupportedInterfaceOrientations_iPad = "UIInterfaceOrientationPortrait UIInterfaceOrientationPortraitUpsideDown UIInterfaceOrientationLandscapeLeft UIInterfaceOrientationLandscapeRight";
				INFOPLIST_KEY_UISupportedInterfaceOrientations_iPhone = "UIInterfaceOrientationPortrait UIInterfaceOrientationLandscapeLeft UIInterfaceOrientationLandscapeRight";
				LD_RUNPATH_SEARCH_PATHS = (
					"$(inherited)",
					"@executable_path/Frameworks",
				);
				MARKETING_VERSION = 1.0;
				PRODUCT_BUNDLE_IDENTIFIER = com.nicolocurioni.WWDCs;
				PRODUCT_NAME = "$(TARGET_NAME)";
				SWIFT_EMIT_LOC_STRINGS = YES;
				SWIFT_VERSION = 5.0;
				TARGETED_DEVICE_FAMILY = "1,2";
			};
			name = Release;
		};
		AF5127692BD2CAC20019C7AA /* Debug */ = {
			isa = XCBuildConfiguration;
			buildSettings = {
				ALWAYS_EMBED_SWIFT_STANDARD_LIBRARIES = YES;
				BUNDLE_LOADER = "$(TEST_HOST)";
				CODE_SIGN_STYLE = Automatic;
				CURRENT_PROJECT_VERSION = 1;
				DEVELOPMENT_TEAM = 59XYW74885;
				GENERATE_INFOPLIST_FILE = YES;
				IPHONEOS_DEPLOYMENT_TARGET = 17.2;
				MARKETING_VERSION = 1.0;
				PRODUCT_BUNDLE_IDENTIFIER = com.nicolocurioni.WWDCsTests;
				PRODUCT_NAME = "$(TARGET_NAME)";
				SWIFT_EMIT_LOC_STRINGS = NO;
				SWIFT_VERSION = 5.0;
				TARGETED_DEVICE_FAMILY = "1,2";
				TEST_HOST = "$(BUILT_PRODUCTS_DIR)/WWDCs.app/$(BUNDLE_EXECUTABLE_FOLDER_PATH)/WWDCs";
			};
			name = Debug;
		};
		AF51276A2BD2CAC20019C7AA /* Release */ = {
			isa = XCBuildConfiguration;
			buildSettings = {
				ALWAYS_EMBED_SWIFT_STANDARD_LIBRARIES = YES;
				BUNDLE_LOADER = "$(TEST_HOST)";
				CODE_SIGN_STYLE = Automatic;
				CURRENT_PROJECT_VERSION = 1;
				DEVELOPMENT_TEAM = 59XYW74885;
				GENERATE_INFOPLIST_FILE = YES;
				IPHONEOS_DEPLOYMENT_TARGET = 17.2;
				MARKETING_VERSION = 1.0;
				PRODUCT_BUNDLE_IDENTIFIER = com.nicolocurioni.WWDCsTests;
				PRODUCT_NAME = "$(TARGET_NAME)";
				SWIFT_EMIT_LOC_STRINGS = NO;
				SWIFT_VERSION = 5.0;
				TARGETED_DEVICE_FAMILY = "1,2";
				TEST_HOST = "$(BUILT_PRODUCTS_DIR)/WWDCs.app/$(BUNDLE_EXECUTABLE_FOLDER_PATH)/WWDCs";
			};
			name = Release;
		};
		AF51276C2BD2CAC20019C7AA /* Debug */ = {
			isa = XCBuildConfiguration;
			buildSettings = {
				ALWAYS_EMBED_SWIFT_STANDARD_LIBRARIES = YES;
				CODE_SIGN_STYLE = Automatic;
				CURRENT_PROJECT_VERSION = 1;
				DEVELOPMENT_TEAM = 59XYW74885;
				GENERATE_INFOPLIST_FILE = YES;
				MARKETING_VERSION = 1.0;
				PRODUCT_BUNDLE_IDENTIFIER = com.nicolocurioni.WWDCsUITests;
				PRODUCT_NAME = "$(TARGET_NAME)";
				SWIFT_EMIT_LOC_STRINGS = NO;
				SWIFT_VERSION = 5.0;
				TARGETED_DEVICE_FAMILY = "1,2";
				TEST_TARGET_NAME = WWDCs;
			};
			name = Debug;
		};
		AF51276D2BD2CAC20019C7AA /* Release */ = {
			isa = XCBuildConfiguration;
			buildSettings = {
				ALWAYS_EMBED_SWIFT_STANDARD_LIBRARIES = YES;
				CODE_SIGN_STYLE = Automatic;
				CURRENT_PROJECT_VERSION = 1;
				DEVELOPMENT_TEAM = 59XYW74885;
				GENERATE_INFOPLIST_FILE = YES;
				MARKETING_VERSION = 1.0;
				PRODUCT_BUNDLE_IDENTIFIER = com.nicolocurioni.WWDCsUITests;
				PRODUCT_NAME = "$(TARGET_NAME)";
				SWIFT_EMIT_LOC_STRINGS = NO;
				SWIFT_VERSION = 5.0;
				TARGETED_DEVICE_FAMILY = "1,2";
				TEST_TARGET_NAME = WWDCs;
			};
			name = Release;
		};
/* End XCBuildConfiguration section */

/* Begin XCConfigurationList section */
		AF51273A2BD2CAC10019C7AA /* Build configuration list for PBXProject "WWDCs" */ = {
			isa = XCConfigurationList;
			buildConfigurations = (
				AF5127632BD2CAC20019C7AA /* Debug */,
				AF5127642BD2CAC20019C7AA /* Release */,
			);
			defaultConfigurationIsVisible = 0;
			defaultConfigurationName = Release;
		};
		AF5127652BD2CAC20019C7AA /* Build configuration list for PBXNativeTarget "WWDCs" */ = {
			isa = XCConfigurationList;
			buildConfigurations = (
				AF5127662BD2CAC20019C7AA /* Debug */,
				AF5127672BD2CAC20019C7AA /* Release */,
			);
			defaultConfigurationIsVisible = 0;
			defaultConfigurationName = Release;
		};
		AF5127682BD2CAC20019C7AA /* Build configuration list for PBXNativeTarget "WWDCsTests" */ = {
			isa = XCConfigurationList;
			buildConfigurations = (
				AF5127692BD2CAC20019C7AA /* Debug */,
				AF51276A2BD2CAC20019C7AA /* Release */,
			);
			defaultConfigurationIsVisible = 0;
			defaultConfigurationName = Release;
		};
		AF51276B2BD2CAC20019C7AA /* Build configuration list for PBXNativeTarget "WWDCsUITests" */ = {
			isa = XCConfigurationList;
			buildConfigurations = (
				AF51276C2BD2CAC20019C7AA /* Debug */,
				AF51276D2BD2CAC20019C7AA /* Release */,
			);
			defaultConfigurationIsVisible = 0;
			defaultConfigurationName = Release;
		};
/* End XCConfigurationList section */
	};
	rootObject = AF5127372BD2CAC10019C7AA /* Project object */;
}
